
Microsoft Visual Studio Solution File, Format Version 12.00
# Visual Studio Version 17
VisualStudioVersion = 17.8.34309.116
MinimumVisualStudioVersion = 10.0.40219.1
Project("{2150E333-8FDC-42A3-9474-1A3956D46DE8}") = "Modules", "Modules", "{FEBAAC5E-57FF-4B27-8B2F-952099FC3005}"
EndProject
Project("{2150E333-8FDC-42A3-9474-1A3956D46DE8}") = "Runners", "Runners", "{26565F77-D49B-4BB5-8CF7-1715A5297C9E}"
EndProject
Project("{2150E333-8FDC-42A3-9474-1A3956D46DE8}") = "Testers", "Testers", "{A4B6A778-F8BD-4342-9821-19F5A0D93F1C}"
EndProject
Project("{9A19103F-16F7-4668-BE54-9A1E7A4F7556}") = "Timelog.Client", "Modules\Timelog.Client\Timelog.Client.csproj", "{F7E53FE2-D4D5-46DF-A431-69D38376472E}"
EndProject
Project("{9A19103F-16F7-4668-BE54-9A1E7A4F7556}") = "Timelog.Common", "Modules\Timelog.Common\Timelog.Common.csproj", "{7FAE651B-CC37-4F4E-B12B-CD5437736CAC}"
EndProject
Project("{9A19103F-16F7-4668-BE54-9A1E7A4F7556}") = "Timelog.Viewer", "Modules\Timelog.Viewer\Timelog.Viewer.csproj", "{6E66F578-518B-480C-BA95-9E3F2DDAC506}"
EndProject
Project("{9A19103F-16F7-4668-BE54-9A1E7A4F7556}") = "Timelog.Reporting", "Runners\Timelog.Reporting\Timelog.Reporting.csproj", "{00183F57-B2CB-432F-B82A-DF15578D581B}"
EndProject
Project("{9A19103F-16F7-4668-BE54-9A1E7A4F7556}") = "Timelog.Server", "Runners\Timelog.Server\Timelog.Server.csproj", "{2593CBBB-28A7-4D7B-BBD8-871715695804}"
EndProject
Project("{9A19103F-16F7-4668-BE54-9A1E7A4F7556}") = "Timelog.Viewer.Tester", "Testers\Timelog.Viewer.Tester\Timelog.Viewer.Tester.csproj", "{49F531C4-6621-44FE-86F8-F25270B707DC}"
EndProject
Project("{9A19103F-16F7-4668-BE54-9A1E7A4F7556}") = "Timelog.LogClientTester", "Testers\Timelog.LogClientTester\Timelog.LogClientTester.csproj", "{5E2E9F86-70DC-4FB8-9353-DDFBFB3B7972}"
EndProject
Global
	GlobalSection(SolutionConfigurationPlatforms) = preSolution
		Debug|Any CPU = Debug|Any CPU
		Release|Any CPU = Release|Any CPU
	EndGlobalSection
	GlobalSection(ProjectConfigurationPlatforms) = postSolution
		{F7E53FE2-D4D5-46DF-A431-69D38376472E}.Debug|Any CPU.ActiveCfg = Debug|Any CPU
		{F7E53FE2-D4D5-46DF-A431-69D38376472E}.Debug|Any CPU.Build.0 = Debug|Any CPU
		{F7E53FE2-D4D5-46DF-A431-69D38376472E}.Release|Any CPU.ActiveCfg = Release|Any CPU
		{F7E53FE2-D4D5-46DF-A431-69D38376472E}.Release|Any CPU.Build.0 = Release|Any CPU
		{7FAE651B-CC37-4F4E-B12B-CD5437736CAC}.Debug|Any CPU.ActiveCfg = Debug|Any CPU
		{7FAE651B-CC37-4F4E-B12B-CD5437736CAC}.Debug|Any CPU.Build.0 = Debug|Any CPU
		{7FAE651B-CC37-4F4E-B12B-CD5437736CAC}.Release|Any CPU.ActiveCfg = Release|Any CPU
		{7FAE651B-CC37-4F4E-B12B-CD5437736CAC}.Release|Any CPU.Build.0 = Release|Any CPU
		{6E66F578-518B-480C-BA95-9E3F2DDAC506}.Debug|Any CPU.ActiveCfg = Debug|Any CPU
		{6E66F578-518B-480C-BA95-9E3F2DDAC506}.Debug|Any CPU.Build.0 = Debug|Any CPU
		{6E66F578-518B-480C-BA95-9E3F2DDAC506}.Release|Any CPU.ActiveCfg = Release|Any CPU
		{6E66F578-518B-480C-BA95-9E3F2DDAC506}.Release|Any CPU.Build.0 = Release|Any CPU
		{00183F57-B2CB-432F-B82A-DF15578D581B}.Debug|Any CPU.ActiveCfg = Debug|Any CPU
		{00183F57-B2CB-432F-B82A-DF15578D581B}.Debug|Any CPU.Build.0 = Debug|Any CPU
		{00183F57-B2CB-432F-B82A-DF15578D581B}.Release|Any CPU.ActiveCfg = Release|Any CPU
		{00183F57-B2CB-432F-B82A-DF15578D581B}.Release|Any CPU.Build.0 = Release|Any CPU
		{2593CBBB-28A7-4D7B-BBD8-871715695804}.Debug|Any CPU.ActiveCfg = Debug|Any CPU
		{2593CBBB-28A7-4D7B-BBD8-871715695804}.Debug|Any CPU.Build.0 = Debug|Any CPU
		{2593CBBB-28A7-4D7B-BBD8-871715695804}.Release|Any CPU.ActiveCfg = Release|Any CPU
		{2593CBBB-28A7-4D7B-BBD8-871715695804}.Release|Any CPU.Build.0 = Release|Any CPU
		{49F531C4-6621-44FE-86F8-F25270B707DC}.Debug|Any CPU.ActiveCfg = Debug|Any CPU
		{49F531C4-6621-44FE-86F8-F25270B707DC}.Debug|Any CPU.Build.0 = Debug|Any CPU
		{49F531C4-6621-44FE-86F8-F25270B707DC}.Release|Any CPU.ActiveCfg = Release|Any CPU
		{49F531C4-6621-44FE-86F8-F25270B707DC}.Release|Any CPU.Build.0 = Release|Any CPU
		{5E2E9F86-70DC-4FB8-9353-DDFBFB3B7972}.Debug|Any CPU.ActiveCfg = Debug|Any CPU
		{5E2E9F86-70DC-4FB8-9353-DDFBFB3B7972}.Debug|Any CPU.Build.0 = Debug|Any CPU
		{5E2E9F86-70DC-4FB8-9353-DDFBFB3B7972}.Release|Any CPU.ActiveCfg = Release|Any CPU
		{5E2E9F86-70DC-4FB8-9353-DDFBFB3B7972}.Release|Any CPU.Build.0 = Release|Any CPU
	EndGlobalSection
	GlobalSection(SolutionProperties) = preSolution
		HideSolutionNode = FALSE
	EndGlobalSection
	GlobalSection(NestedProjects) = preSolution
		{F7E53FE2-D4D5-46DF-A431-69D38376472E} = {FEBAAC5E-57FF-4B27-8B2F-952099FC3005}
		{7FAE651B-CC37-4F4E-B12B-CD5437736CAC} = {FEBAAC5E-57FF-4B27-8B2F-952099FC3005}
		{6E66F578-518B-480C-BA95-9E3F2DDAC506} = {FEBAAC5E-57FF-4B27-8B2F-952099FC3005}
		{00183F57-B2CB-432F-B82A-DF15578D581B} = {26565F77-D49B-4BB5-8CF7-1715A5297C9E}
		{2593CBBB-28A7-4D7B-BBD8-871715695804} = {26565F77-D49B-4BB5-8CF7-1715A5297C9E}
		{49F531C4-6621-44FE-86F8-F25270B707DC} = {A4B6A778-F8BD-4342-9821-19F5A0D93F1C}
		{5E2E9F86-70DC-4FB8-9353-DDFBFB3B7972} = {A4B6A778-F8BD-4342-9821-19F5A0D93F1C}
	EndGlobalSection
	GlobalSection(ExtensibilityGlobals) = postSolution
		SolutionGuid = {B02AED2B-7D03-42B7-B986-B7FFBD63565D}
	EndGlobalSection
EndGlobal
